
Microsoft Visual Studio Solution File, Format Version 12.00
# Visual Studio Version 16
VisualStudioVersion = 16.0.32630.194
MinimumVisualStudioVersion = 10.0.40219.1
Project("{FAE04EC0-301F-11D3-BF4B-00C04F79EFBC}") = "ProgramMonitor", "ProgramMonitor\ProgramMonitor.csproj", "{C13F5B35-14A7-4E14-A039-F20ACF7370FB}"
EndProject
Project("{FAE04EC0-301F-11D3-BF4B-00C04F79EFBC}") = "NetworkLib", "NetworkLib\NetworkLib.csproj", "{06BCA539-6F23-442F-AE0D-D84B454DA0ED}"
EndProject
Global
	GlobalSection(SolutionConfigurationPlatforms) = preSolution
		Debug|Any CPU = Debug|Any CPU
		Release|Any CPU = Release|Any CPU
	EndGlobalSection
	GlobalSection(ProjectConfigurationPlatforms) = postSolution
		{C13F5B35-14A7-4E14-A039-F20ACF7370FB}.Debug|Any CPU.ActiveCfg = Debug|Any CPU
		{C13F5B35-14A7-4E14-A039-F20ACF7370FB}.Debug|Any CPU.Build.0 = Debug|Any CPU
		{C13F5B35-14A7-4E14-A039-F20ACF7370FB}.Release|Any CPU.ActiveCfg = Release|Any CPU
		{C13F5B35-14A7-4E14-A039-F20ACF7370FB}.Release|Any CPU.Build.0 = Release|Any CPU
		{06BCA539-6F23-442F-AE0D-D84B454DA0ED}.Debug|Any CPU.ActiveCfg = Debug|Any CPU
		{06BCA539-6F23-442F-AE0D-D84B454DA0ED}.Debug|Any CPU.Build.0 = Debug|Any CPU
		{06BCA539-6F23-442F-AE0D-D84B454DA0ED}.Release|Any CPU.ActiveCfg = Release|Any CPU
		{06BCA539-6F23-442F-AE0D-D84B454DA0ED}.Release|Any CPU.Build.0 = Release|Any CPU
	EndGlobalSection
	GlobalSection(SolutionProperties) = preSolution
		HideSolutionNode = FALSE
	EndGlobalSection
	GlobalSection(ExtensibilityGlobals) = postSolution
		SolutionGuid = {DCE3D3AA-293B-473C-9317-A411E34875A1}
	EndGlobalSection
EndGlobal
